// !$*UTF8*$!
{
	archiveVersion = 1;
	classes = {
	};
	objectVersion = 77;
	objects = {

/* Begin PBXBuildFile section */
		01DAD3DA1D4557B051C0EBC7 /* Theme.swift in Sources */ = {isa = PBXBuildFile; fileRef = 8946E972E09FE090D788BCDF /* Theme.swift */; };
		04D522CD80D28F7182723035 /* AppUpdateService.swift in Sources */ = {isa = PBXBuildFile; fileRef = D041D25474A15A2556ED7F1A /* AppUpdateService.swift */; };
		140B71ACC843D571471A56F9 /* FlowLensIPC in Frameworks */ = {isa = PBXBuildFile; productRef = 69DE85117CE127FD1A960784 /* FlowLensIPC */; };
		1A1E83DAE9FB838D21F8F1C0 /* BentoLayout.swift in Sources */ = {isa = PBXBuildFile; fileRef = 53F509D9A0DE09E83EAB983C /* BentoLayout.swift */; };
		1DC0604E0A3453FEF2C4DE02 /* FilterManagerController.swift in Sources */ = {isa = PBXBuildFile; fileRef = AAAA164256DA252061B3789F /* FilterManagerController.swift */; };
		237205036FC6AE466FC9956E /* FlowLensIPC in Frameworks */ = {isa = PBXBuildFile; productRef = 575EDFE43833998EFA352E16 /* FlowLensIPC */; };
		3104597B084CEE2B8125C875 /* main.swift in Sources */ = {isa = PBXBuildFile; fileRef = 2D9D5F4A1545524F7AC9EC9D /* main.swift */; };
		356FA2A8BDC50B13F13C3399 /* NetworkExtension.framework in Frameworks */ = {isa = PBXBuildFile; fileRef = CC95010AE5E84719F927EA2A /* NetworkExtension.framework */; };
		44CAE26040D99E93E09BF6B6 /* FlowLensStorage in Frameworks */ = {isa = PBXBuildFile; productRef = 7D22E5E3FA1436E371528785 /* FlowLensStorage */; };
		459685BCEAA8BA332B182E3C /* ExtensionRuntime.swift in Sources */ = {isa = PBXBuildFile; fileRef = E6FCB5E5DA0117FF110D10E6 /* ExtensionRuntime.swift */; };
		5595977DEE58B8C102525A67 /* AppsRulesProxyHistoryViews.swift in Sources */ = {isa = PBXBuildFile; fileRef = 448DF02635E6AA29171B4DD5 /* AppsRulesProxyHistoryViews.swift */; };
		56A8DB45D225F4326CF038EB /* MenuBarPopoverView.swift in Sources */ = {isa = PBXBuildFile; fileRef = 4A7643A2D9A4D4C2A24C9F26 /* MenuBarPopoverView.swift */; };
		602DF5D43E4A32F5275B0A78 /* FlowFilterDataProvider.swift in Sources */ = {isa = PBXBuildFile; fileRef = CD4055A5258C6C36594BE1F9 /* FlowFilterDataProvider.swift */; };
		609C4716164409314F69DFD9 /* L10n.swift in Sources */ = {isa = PBXBuildFile; fileRef = 474AC95039BCD487568E6853 /* L10n.swift */; };
		673E98873B94340FF8088B81 /* MainDashboardView.swift in Sources */ = {isa = PBXBuildFile; fileRef = EE249AA5368677FE75C9AD0D /* MainDashboardView.swift */; };
		7E7B4AC4257F8011CDA10616 /* MenuBarController.swift in Sources */ = {isa = PBXBuildFile; fileRef = 77EA9F5347ECAF68596078C9 /* MenuBarController.swift */; };
		85006722216439D47849F836 /* FlowLensProxyCore in Frameworks */ = {isa = PBXBuildFile; productRef = 526C7F19DCCB3F606ED5AF7D /* FlowLensProxyCore */; };
		8858B935ADE883578E80CAC2 /* FlowLensRuleEngine in Frameworks */ = {isa = PBXBuildFile; productRef = 518475C2B7F7D4C38A48DA37 /* FlowLensRuleEngine */; };
		8E2F1FF0283E665686FEEBA0 /* FlowTransparentProxyProvider.swift in Sources */ = {isa = PBXBuildFile; fileRef = 47FF35FCC77CBAF6A03BFD74 /* FlowTransparentProxyProvider.swift */; };
		932F84424E361614CCE70219 /* GlobalTimeRangeBar.swift in Sources */ = {isa = PBXBuildFile; fileRef = 78F29A419CA7BDC32BF080BE /* GlobalTimeRangeBar.swift */; };
		9370863D79F891890BA575DA /* OverviewTabView.swift in Sources */ = {isa = PBXBuildFile; fileRef = DEE15FACDA4C412D6A805F5C /* OverviewTabView.swift */; };
		A4693C6447480FD0BC2D6D8E /* GlobalSearchBar.swift in Sources */ = {isa = PBXBuildFile; fileRef = 21AAD310A39CB63DBEA8CF3F /* GlobalSearchBar.swift */; };
		A7E97D56CDD892CB5557261C /* AppModel.swift in Sources */ = {isa = PBXBuildFile; fileRef = 146EFF018627D3F3BD8A0C26 /* AppModel.swift */; };
		A9B1F6E4202C38D588DCD62E /* FlowLensApp.swift in Sources */ = {isa = PBXBuildFile; fileRef = 51E1ACC4174B593AD9C44834 /* FlowLensApp.swift */; };
		AC6884BFFA7261BCA4F09BFB /* FlowLensRuleEngine in Frameworks */ = {isa = PBXBuildFile; productRef = A7866B2262AA4BBE331F364F /* FlowLensRuleEngine */; };
		B2290043EE046C6332ABB04C /* GroupManagerViews.swift in Sources */ = {isa = PBXBuildFile; fileRef = D26CABF59A7DFD281A08270D /* GroupManagerViews.swift */; };
		B53AE225496F25CB84116035 /* SettingsWindowController.swift in Sources */ = {isa = PBXBuildFile; fileRef = 2AC4613B3A376037EAFDF83E /* SettingsWindowController.swift */; };
		CE97132A8B07454BC5CD6F55 /* SunburstChart.swift in Sources */ = {isa = PBXBuildFile; fileRef = E13DBC5D97BC5D41D601A280 /* SunburstChart.swift */; };
		D39C52E3B9438F598E65DAA4 /* SystemExtensions.framework in Frameworks */ = {isa = PBXBuildFile; fileRef = A799AB3F40310BAE6B95BD31 /* SystemExtensions.framework */; };
		DFCD835E798A231F921C5CF6 /* FlowLensNetworkExtension.systemextension in Embed Dependencies */ = {isa = PBXBuildFile; fileRef = 5508FCFB19EBC3967C78477A /* FlowLensNetworkExtension.systemextension */; settings = {ATTRIBUTES = (CodeSignOnCopy, RemoveHeadersOnCopy, ); }; };
		E1348F1E7F1B721A56D6FD12 /* FlowLensCore in Frameworks */ = {isa = PBXBuildFile; productRef = AF98B32926FF219C6F45B985 /* FlowLensCore */; };
		E757CAF548A4688C48A49C04 /* FlowLensCore in Frameworks */ = {isa = PBXBuildFile; productRef = 1B5F30B78B10F4A18DFC37FC /* FlowLensCore */; };
		EDE850EF6EAB52363B0ED77B /* FlowLensProxyCore in Frameworks */ = {isa = PBXBuildFile; productRef = 3950D2079B33FD9777E7A274 /* FlowLensProxyCore */; };
		FE4A0DA3D1C2AA5058D418C4 /* AppIconView.swift in Sources */ = {isa = PBXBuildFile; fileRef = 7571A7FC78B3E293625B7B7A /* AppIconView.swift */; };
/* End PBXBuildFile section */

/* Begin PBXContainerItemProxy section */
		9641A63F399EF0B4901F4528 /* PBXContainerItemProxy */ = {
			isa = PBXContainerItemProxy;
			containerPortal = 0F1B2E19D17C4E0BC6DDDF54 /* Project object */;
			proxyType = 1;
			remoteGlobalIDString = 34F3DDDA0DF7FD27B3C9E412;
			remoteInfo = FlowLensNetworkExtension;
		};
/* End PBXContainerItemProxy section */

/* Begin PBXCopyFilesBuildPhase section */
		E164EBA897798E9DAF2105C1 /* Embed Dependencies */ = {
			isa = PBXCopyFilesBuildPhase;
			buildActionMask = 2147483647;
			dstPath = Contents/Library/SystemExtensions;
			dstSubfolderSpec = 1;
			files = (
				DFCD835E798A231F921C5CF6 /* FlowLensNetworkExtension.systemextension in Embed Dependencies */,
			);
			name = "Embed Dependencies";
			runOnlyForDeploymentPostprocessing = 0;
		};
/* End PBXCopyFilesBuildPhase section */

/* Begin PBXFileReference section */
		146EFF018627D3F3BD8A0C26 /* AppModel.swift */ = {isa = PBXFileReference; lastKnownFileType = sourcecode.swift; path = AppModel.swift; sourceTree = "<group>"; };
		21AAD310A39CB63DBEA8CF3F /* GlobalSearchBar.swift */ = {isa = PBXFileReference; lastKnownFileType = sourcecode.swift; path = GlobalSearchBar.swift; sourceTree = "<group>"; };
		2AC4613B3A376037EAFDF83E /* SettingsWindowController.swift */ = {isa = PBXFileReference; lastKnownFileType = sourcecode.swift; path = SettingsWindowController.swift; sourceTree = "<group>"; };
		2D9D5F4A1545524F7AC9EC9D /* main.swift */ = {isa = PBXFileReference; lastKnownFileType = sourcecode.swift; path = main.swift; sourceTree = "<group>"; };
		448DF02635E6AA29171B4DD5 /* AppsRulesProxyHistoryViews.swift */ = {isa = PBXFileReference; lastKnownFileType = sourcecode.swift; path = AppsRulesProxyHistoryViews.swift; sourceTree = "<group>"; };
		474AC95039BCD487568E6853 /* L10n.swift */ = {isa = PBXFileReference; lastKnownFileType = sourcecode.swift; path = L10n.swift; sourceTree = "<group>"; };
		47FF35FCC77CBAF6A03BFD74 /* FlowTransparentProxyProvider.swift */ = {isa = PBXFileReference; lastKnownFileType = sourcecode.swift; path = FlowTransparentProxyProvider.swift; sourceTree = "<group>"; };
		4A7643A2D9A4D4C2A24C9F26 /* MenuBarPopoverView.swift */ = {isa = PBXFileReference; lastKnownFileType = sourcecode.swift; path = MenuBarPopoverView.swift; sourceTree = "<group>"; };
		51E1ACC4174B593AD9C44834 /* FlowLensApp.swift */ = {isa = PBXFileReference; lastKnownFileType = sourcecode.swift; path = FlowLensApp.swift; sourceTree = "<group>"; };
		53F509D9A0DE09E83EAB983C /* BentoLayout.swift */ = {isa = PBXFileReference; lastKnownFileType = sourcecode.swift; path = BentoLayout.swift; sourceTree = "<group>"; };
		5508FCFB19EBC3967C78477A /* FlowLensNetworkExtension.systemextension */ = {isa = PBXFileReference; explicitFileType = "wrapper.system-extension"; includeInIndex = 0; path = FlowLensNetworkExtension.systemextension; sourceTree = BUILT_PRODUCTS_DIR; };
		5EC3D370165D8B5780FDF719 /* FlowLens */ = {isa = PBXFileReference; lastKnownFileType = folder; name = FlowLens; path = .; sourceTree = SOURCE_ROOT; };
		7571A7FC78B3E293625B7B7A /* AppIconView.swift */ = {isa = PBXFileReference; lastKnownFileType = sourcecode.swift; path = AppIconView.swift; sourceTree = "<group>"; };
		77EA9F5347ECAF68596078C9 /* MenuBarController.swift */ = {isa = PBXFileReference; lastKnownFileType = sourcecode.swift; path = MenuBarController.swift; sourceTree = "<group>"; };
		78F29A419CA7BDC32BF080BE /* GlobalTimeRangeBar.swift */ = {isa = PBXFileReference; lastKnownFileType = sourcecode.swift; path = GlobalTimeRangeBar.swift; sourceTree = "<group>"; };
		8946E972E09FE090D788BCDF /* Theme.swift */ = {isa = PBXFileReference; lastKnownFileType = sourcecode.swift; path = Theme.swift; sourceTree = "<group>"; };
		8D431A1803407D817142987B /* FlowLens.app */ = {isa = PBXFileReference; explicitFileType = wrapper.application; includeInIndex = 0; path = FlowLens.app; sourceTree = BUILT_PRODUCTS_DIR; };
		A799AB3F40310BAE6B95BD31 /* SystemExtensions.framework */ = {isa = PBXFileReference; lastKnownFileType = wrapper.framework; name = SystemExtensions.framework; path = System/Library/Frameworks/SystemExtensions.framework; sourceTree = SDKROOT; };
		AAAA164256DA252061B3789F /* FilterManagerController.swift */ = {isa = PBXFileReference; lastKnownFileType = sourcecode.swift; path = FilterManagerController.swift; sourceTree = "<group>"; };
		CC95010AE5E84719F927EA2A /* NetworkExtension.framework */ = {isa = PBXFileReference; lastKnownFileType = wrapper.framework; name = NetworkExtension.framework; path = System/Library/Frameworks/NetworkExtension.framework; sourceTree = SDKROOT; };
		CD4055A5258C6C36594BE1F9 /* FlowFilterDataProvider.swift */ = {isa = PBXFileReference; lastKnownFileType = sourcecode.swift; path = FlowFilterDataProvider.swift; sourceTree = "<group>"; };
		D041D25474A15A2556ED7F1A /* AppUpdateService.swift */ = {isa = PBXFileReference; lastKnownFileType = sourcecode.swift; path = AppUpdateService.swift; sourceTree = "<group>"; };
		D26CABF59A7DFD281A08270D /* GroupManagerViews.swift */ = {isa = PBXFileReference; lastKnownFileType = sourcecode.swift; path = GroupManagerViews.swift; sourceTree = "<group>"; };
		DEE15FACDA4C412D6A805F5C /* OverviewTabView.swift */ = {isa = PBXFileReference; lastKnownFileType = sourcecode.swift; path = OverviewTabView.swift; sourceTree = "<group>"; };
		E13DBC5D97BC5D41D601A280 /* SunburstChart.swift */ = {isa = PBXFileReference; lastKnownFileType = sourcecode.swift; path = SunburstChart.swift; sourceTree = "<group>"; };
		E6FCB5E5DA0117FF110D10E6 /* ExtensionRuntime.swift */ = {isa = PBXFileReference; lastKnownFileType = sourcecode.swift; path = ExtensionRuntime.swift; sourceTree = "<group>"; };
		EE249AA5368677FE75C9AD0D /* MainDashboardView.swift */ = {isa = PBXFileReference; lastKnownFileType = sourcecode.swift; path = MainDashboardView.swift; sourceTree = "<group>"; };
/* End PBXFileReference section */

/* Begin PBXFrameworksBuildPhase section */
		AE08498E3C3EEC04402E8FA3 /* Frameworks */ = {
			isa = PBXFrameworksBuildPhase;
			buildActionMask = 2147483647;
			files = (
				E1348F1E7F1B721A56D6FD12 /* FlowLensCore in Frameworks */,
				AC6884BFFA7261BCA4F09BFB /* FlowLensRuleEngine in Frameworks */,
				85006722216439D47849F836 /* FlowLensProxyCore in Frameworks */,
				140B71ACC843D571471A56F9 /* FlowLensIPC in Frameworks */,
				356FA2A8BDC50B13F13C3399 /* NetworkExtension.framework in Frameworks */,
				D39C52E3B9438F598E65DAA4 /* SystemExtensions.framework in Frameworks */,
			);
			runOnlyForDeploymentPostprocessing = 0;
		};
		EAD04C80F359A739406DCFC6 /* Frameworks */ = {
			isa = PBXFrameworksBuildPhase;
			buildActionMask = 2147483647;
			files = (
				E757CAF548A4688C48A49C04 /* FlowLensCore in Frameworks */,
				8858B935ADE883578E80CAC2 /* FlowLensRuleEngine in Frameworks */,
				44CAE26040D99E93E09BF6B6 /* FlowLensStorage in Frameworks */,
				237205036FC6AE466FC9956E /* FlowLensIPC in Frameworks */,
				EDE850EF6EAB52363B0ED77B /* FlowLensProxyCore in Frameworks */,
			);
			runOnlyForDeploymentPostprocessing = 0;
		};
/* End PBXFrameworksBuildPhase section */

/* Begin PBXGroup section */
		14FCF37E55F7B0926ED26BD0 /* Products */ = {
			isa = PBXGroup;
			children = (
				8D431A1803407D817142987B /* FlowLens.app */,
				5508FCFB19EBC3967C78477A /* FlowLensNetworkExtension.systemextension */,
			);
			name = Products;
			sourceTree = "<group>";
		};
		16236B03AA12B81FB23ABDF0 /* NetworkExtension */ = {
			isa = PBXGroup;
			children = (
				E6FCB5E5DA0117FF110D10E6 /* ExtensionRuntime.swift */,
				CD4055A5258C6C36594BE1F9 /* FlowFilterDataProvider.swift */,
				47FF35FCC77CBAF6A03BFD74 /* FlowTransparentProxyProvider.swift */,
				2D9D5F4A1545524F7AC9EC9D /* main.swift */,
			);
			path = NetworkExtension;
			sourceTree = "<group>";
		};
		1E0E83F44A235C6900119A4E /* Packages */ = {
			isa = PBXGroup;
			children = (
				5EC3D370165D8B5780FDF719 /* FlowLens */,
			);
			path = Packages;
			sourceTree = "<group>";
		};
		9116E6C2CFB8C81896E9672C /* FlowLens */ = {
			isa = PBXGroup;
			children = (
				983C7F31C3D2F2F5979E1820 /* Localization */,
				7571A7FC78B3E293625B7B7A /* AppIconView.swift */,
				146EFF018627D3F3BD8A0C26 /* AppModel.swift */,
				448DF02635E6AA29171B4DD5 /* AppsRulesProxyHistoryViews.swift */,
				D041D25474A15A2556ED7F1A /* AppUpdateService.swift */,
				53F509D9A0DE09E83EAB983C /* BentoLayout.swift */,
				AAAA164256DA252061B3789F /* FilterManagerController.swift */,
				51E1ACC4174B593AD9C44834 /* FlowLensApp.swift */,
				21AAD310A39CB63DBEA8CF3F /* GlobalSearchBar.swift */,
				78F29A419CA7BDC32BF080BE /* GlobalTimeRangeBar.swift */,
				D26CABF59A7DFD281A08270D /* GroupManagerViews.swift */,
				EE249AA5368677FE75C9AD0D /* MainDashboardView.swift */,
				77EA9F5347ECAF68596078C9 /* MenuBarController.swift */,
				4A7643A2D9A4D4C2A24C9F26 /* MenuBarPopoverView.swift */,
				DEE15FACDA4C412D6A805F5C /* OverviewTabView.swift */,
				2AC4613B3A376037EAFDF83E /* SettingsWindowController.swift */,
				E13DBC5D97BC5D41D601A280 /* SunburstChart.swift */,
				8946E972E09FE090D788BCDF /* Theme.swift */,
			);
			path = FlowLens;
			sourceTree = "<group>";
		};
		983C7F31C3D2F2F5979E1820 /* Localization */ = {
			isa = PBXGroup;
			children = (
				474AC95039BCD487568E6853 /* L10n.swift */,
			);
			path = Localization;
			sourceTree = "<group>";
		};
		9A08699BFE262FAFD54837A7 /* Frameworks */ = {
			isa = PBXGroup;
			children = (
				CC95010AE5E84719F927EA2A /* NetworkExtension.framework */,
				A799AB3F40310BAE6B95BD31 /* SystemExtensions.framework */,
			);
			name = Frameworks;
			sourceTree = "<group>";
		};
		A63D158266B5BECD2C9BB6CF = {
			isa = PBXGroup;
			children = (
				CA58292715A354A70B678FE9 /* App */,
				16236B03AA12B81FB23ABDF0 /* NetworkExtension */,
				1E0E83F44A235C6900119A4E /* Packages */,
				9A08699BFE262FAFD54837A7 /* Frameworks */,
				14FCF37E55F7B0926ED26BD0 /* Products */,
			);
			sourceTree = "<group>";
		};
		CA58292715A354A70B678FE9 /* App */ = {
			isa = PBXGroup;
			children = (
				9116E6C2CFB8C81896E9672C /* FlowLens */,
			);
			path = App;
			sourceTree = "<group>";
		};
/* End PBXGroup section */

/* Begin PBXNativeTarget section */
		1C0055F8FD9A10656C6FF95E /* FlowLens */ = {
			isa = PBXNativeTarget;
			buildConfigurationList = B4A688130BD2FFA6829A7A44 /* Build configuration list for PBXNativeTarget "FlowLens" */;
			buildPhases = (
				D2479EACF495019252615530 /* Sources */,
				EAD04C80F359A739406DCFC6 /* Frameworks */,
				E164EBA897798E9DAF2105C1 /* Embed Dependencies */,
			);
			buildRules = (
			);
			dependencies = (
				E6B3ACC9B1A6BAD15B271ACF /* PBXTargetDependency */,
			);
			name = FlowLens;
			packageProductDependencies = (
				1B5F30B78B10F4A18DFC37FC /* FlowLensCore */,
				518475C2B7F7D4C38A48DA37 /* FlowLensRuleEngine */,
				7D22E5E3FA1436E371528785 /* FlowLensStorage */,
				575EDFE43833998EFA352E16 /* FlowLensIPC */,
				3950D2079B33FD9777E7A274 /* FlowLensProxyCore */,
			);
			productName = FlowLens;
			productReference = 8D431A1803407D817142987B /* FlowLens.app */;
			productType = "com.apple.product-type.application";
		};
		34F3DDDA0DF7FD27B3C9E412 /* FlowLensNetworkExtension */ = {
			isa = PBXNativeTarget;
			buildConfigurationList = 125D6588F69B1D5B195B9001 /* Build configuration list for PBXNativeTarget "FlowLensNetworkExtension" */;
			buildPhases = (
				4D3F058FA1AF6CD435E02BA7 /* Sources */,
				AE08498E3C3EEC04402E8FA3 /* Frameworks */,
			);
			buildRules = (
			);
			dependencies = (
			);
			name = FlowLensNetworkExtension;
			packageProductDependencies = (
				AF98B32926FF219C6F45B985 /* FlowLensCore */,
				A7866B2262AA4BBE331F364F /* FlowLensRuleEngine */,
				526C7F19DCCB3F606ED5AF7D /* FlowLensProxyCore */,
				69DE85117CE127FD1A960784 /* FlowLensIPC */,
			);
			productName = FlowLensNetworkExtension;
			productReference = 5508FCFB19EBC3967C78477A /* FlowLensNetworkExtension.systemextension */;
			productType = "com.apple.product-type.system-extension";
		};
/* End PBXNativeTarget section */

/* Begin PBXProject section */
		0F1B2E19D17C4E0BC6DDDF54 /* Project object */ = {
			isa = PBXProject;
			attributes = {
				BuildIndependentTargetsInParallel = YES;
				LastUpgradeCheck = 1430;
				TargetAttributes = {
					1C0055F8FD9A10656C6FF95E = {
						DevelopmentTeam = "";
						ProvisioningStyle = Automatic;
					};
					34F3DDDA0DF7FD27B3C9E412 = {
						DevelopmentTeam = "";
						ProvisioningStyle = Automatic;
					};
				};
			};
			buildConfigurationList = 06FE576DB3E8FDC4A8516C83 /* Build configuration list for PBXProject "FlowLens" */;
			developmentRegion = en;
			hasScannedForEncodings = 0;
			knownRegions = (
				Base,
				en,
			);
			mainGroup = A63D158266B5BECD2C9BB6CF;
			minimizedProjectReferenceProxies = 1;
			packageReferences = (
				811E2D16CF906DC4ABDCA9A5 /* XCLocalSwiftPackageReference "." */,
			);
			preferredProjectObjectVersion = 77;
			productRefGroup = 14FCF37E55F7B0926ED26BD0 /* Products */;
			projectDirPath = "";
			projectRoot = "";
			targets = (
				1C0055F8FD9A10656C6FF95E /* FlowLens */,
				34F3DDDA0DF7FD27B3C9E412 /* FlowLensNetworkExtension */,
			);
		};
/* End PBXProject section */

/* Begin PBXSourcesBuildPhase section */
		4D3F058FA1AF6CD435E02BA7 /* Sources */ = {
			isa = PBXSourcesBuildPhase;
			buildActionMask = 2147483647;
			files = (
				459685BCEAA8BA332B182E3C /* ExtensionRuntime.swift in Sources */,
				602DF5D43E4A32F5275B0A78 /* FlowFilterDataProvider.swift in Sources */,
				8E2F1FF0283E665686FEEBA0 /* FlowTransparentProxyProvider.swift in Sources */,
				3104597B084CEE2B8125C875 /* main.swift in Sources */,
			);
			runOnlyForDeploymentPostprocessing = 0;
		};
		D2479EACF495019252615530 /* Sources */ = {
			isa = PBXSourcesBuildPhase;
			buildActionMask = 2147483647;
			files = (
				FE4A0DA3D1C2AA5058D418C4 /* AppIconView.swift in Sources */,
				A7E97D56CDD892CB5557261C /* AppModel.swift in Sources */,
				04D522CD80D28F7182723035 /* AppUpdateService.swift in Sources */,
				5595977DEE58B8C102525A67 /* AppsRulesProxyHistoryViews.swift in Sources */,
				1A1E83DAE9FB838D21F8F1C0 /* BentoLayout.swift in Sources */,
				1DC0604E0A3453FEF2C4DE02 /* FilterManagerController.swift in Sources */,
				A9B1F6E4202C38D588DCD62E /* FlowLensApp.swift in Sources */,
				A4693C6447480FD0BC2D6D8E /* GlobalSearchBar.swift in Sources */,
				932F84424E361614CCE70219 /* GlobalTimeRangeBar.swift in Sources */,
				B2290043EE046C6332ABB04C /* GroupManagerViews.swift in Sources */,
				609C4716164409314F69DFD9 /* L10n.swift in Sources */,
				673E98873B94340FF8088B81 /* MainDashboardView.swift in Sources */,
				7E7B4AC4257F8011CDA10616 /* MenuBarController.swift in Sources */,
				56A8DB45D225F4326CF038EB /* MenuBarPopoverView.swift in Sources */,
				9370863D79F891890BA575DA /* OverviewTabView.swift in Sources */,
				B53AE225496F25CB84116035 /* SettingsWindowController.swift in Sources */,
				CE97132A8B07454BC5CD6F55 /* SunburstChart.swift in Sources */,
				01DAD3DA1D4557B051C0EBC7 /* Theme.swift in Sources */,
			);
			runOnlyForDeploymentPostprocessing = 0;
		};
/* End PBXSourcesBuildPhase section */

/* Begin PBXTargetDependency section */
		E6B3ACC9B1A6BAD15B271ACF /* PBXTargetDependency */ = {
			isa = PBXTargetDependency;
			target = 34F3DDDA0DF7FD27B3C9E412 /* FlowLensNetworkExtension */;
			targetProxy = 9641A63F399EF0B4901F4528 /* PBXContainerItemProxy */;
		};
/* End PBXTargetDependency section */

/* Begin XCBuildConfiguration section */
		12A376EC94FA4F347650F1C0 /* Release */ = {
			isa = XCBuildConfiguration;
			buildSettings = {
				ALWAYS_SEARCH_USER_PATHS = NO;
				CLANG_ANALYZER_NONNULL = YES;
				CLANG_ANALYZER_NUMBER_OBJECT_CONVERSION = YES_AGGRESSIVE;
				CLANG_CXX_LANGUAGE_STANDARD = "gnu++14";
				CLANG_CXX_LIBRARY = "libc++";
				CLANG_ENABLE_MODULES = YES;
				CLANG_ENABLE_OBJC_ARC = YES;
				CLANG_ENABLE_OBJC_WEAK = YES;
				CLANG_WARN_BLOCK_CAPTURE_AUTORELEASING = YES;
				CLANG_WARN_BOOL_CONVERSION = YES;
				CLANG_WARN_COMMA = YES;
				CLANG_WARN_CONSTANT_CONVERSION = YES;
				CLANG_WARN_DEPRECATED_OBJC_IMPLEMENTATIONS = YES;
				CLANG_WARN_DIRECT_OBJC_ISA_USAGE = YES_ERROR;
				CLANG_WARN_DOCUMENTATION_COMMENTS = YES;
				CLANG_WARN_EMPTY_BODY = YES;
				CLANG_WARN_ENUM_CONVERSION = YES;
				CLANG_WARN_INFINITE_RECURSION = YES;
				CLANG_WARN_INT_CONVERSION = YES;
				CLANG_WARN_NON_LITERAL_NULL_CONVERSION = YES;
				CLANG_WARN_OBJC_IMPLICIT_RETAIN_SELF = YES;
				CLANG_WARN_OBJC_LITERAL_CONVERSION = YES;
				CLANG_WARN_OBJC_ROOT_CLASS = YES_ERROR;
				CLANG_WARN_QUOTED_INCLUDE_IN_FRAMEWORK_HEADER = YES;
				CLANG_WARN_RANGE_LOOP_ANALYSIS = YES;
				CLANG_WARN_STRICT_PROTOTYPES = YES;
				CLANG_WARN_SUSPICIOUS_MOVE = YES;
				CLANG_WARN_UNGUARDED_AVAILABILITY = YES_AGGRESSIVE;
				CLANG_WARN_UNREACHABLE_CODE = YES;
				CLANG_WARN__DUPLICATE_METHOD_MATCH = YES;
				CODE_SIGN_STYLE = Automatic;
				COPY_PHASE_STRIP = NO;
				DEAD_CODE_STRIPPING = YES;
				DEBUG_INFORMATION_FORMAT = "dwarf-with-dsym";
				DEVELOPMENT_TEAM = "";
				ENABLE_HARDENED_RUNTIME = YES;
				ENABLE_NS_ASSERTIONS = NO;
				ENABLE_STRICT_OBJC_MSGSEND = YES;
				GCC_C_LANGUAGE_STANDARD = gnu11;
				GCC_NO_COMMON_BLOCKS = YES;
				GCC_WARN_64_TO_32_BIT_CONVERSION = YES;
				GCC_WARN_ABOUT_RETURN_TYPE = YES_ERROR;
				GCC_WARN_UNDECLARED_SELECTOR = YES;
				GCC_WARN_UNINITIALIZED_AUTOS = YES_AGGRESSIVE;
				GCC_WARN_UNUSED_FUNCTION = YES;
				GCC_WARN_UNUSED_VARIABLE = YES;
				MACOSX_DEPLOYMENT_TARGET = 13.0;
				MTL_ENABLE_DEBUG_INFO = NO;
				MTL_FAST_MATH = YES;
				PRODUCT_NAME = "$(TARGET_NAME)";
				SDKROOT = macosx;
				SWIFT_COMPILATION_MODE = wholemodule;
				SWIFT_OPTIMIZATION_LEVEL = "-O";
				SWIFT_STRICT_CONCURRENCY = targeted;
				SWIFT_VERSION = 5.9;
			};
			name = Release;
		};
		80041CA2CDC3D5FB0AF6CD0F /* Release */ = {
			isa = XCBuildConfiguration;
			buildSettings = {
				CODE_SIGNING_ALLOWED = YES;
				CODE_SIGNING_REQUIRED = NO;
				CODE_SIGN_ENTITLEMENTS = NetworkExtension/FlowLensNetworkExtension.entitlements;
				CODE_SIGN_IDENTITY = "-";
				COMBINE_HIDPI_IMAGES = YES;
				GENERATE_INFOPLIST_FILE = NO;
				INFOPLIST_FILE = NetworkExtension/Info.plist;
				LD_RUNPATH_SEARCH_PATHS = (
					"$(inherited)",
					"@executable_path/../Frameworks",
				);
				PRODUCT_BUNDLE_IDENTIFIER = com.example.FlowLens.NetworkExtension;
				PRODUCT_NAME = FlowLensNetworkExtension;
				SDKROOT = macosx;
				SKIP_INSTALL = YES;
			};
			name = Release;
		};
		B0E44A8ACF490C557AB915DF /* Debug */ = {
			isa = XCBuildConfiguration;
			buildSettings = {
				ASSETCATALOG_COMPILER_APPICON_NAME = "";
				CODE_SIGNING_ALLOWED = YES;
				CODE_SIGNING_REQUIRED = NO;
				CODE_SIGN_ENTITLEMENTS = App/FlowLens/FlowLens.entitlements;
				CODE_SIGN_IDENTITY = "-";
				COMBINE_HIDPI_IMAGES = YES;
				GENERATE_INFOPLIST_FILE = NO;
				INFOPLIST_FILE = App/FlowLens/Info.plist;
				LD_RUNPATH_SEARCH_PATHS = (
					"$(inherited)",
					"@executable_path/../Frameworks",
				);
				PRODUCT_BUNDLE_IDENTIFIER = com.example.FlowLens;
				PRODUCT_NAME = FlowLens;
				SDKROOT = macosx;
			};
			name = Debug;
		};
		D44F6AC105A07251EF70BD34 /* Release */ = {
			isa = XCBuildConfiguration;
			buildSettings = {
				ASSETCATALOG_COMPILER_APPICON_NAME = "";
				CODE_SIGNING_ALLOWED = YES;
				CODE_SIGNING_REQUIRED = NO;
				CODE_SIGN_ENTITLEMENTS = App/FlowLens/FlowLens.entitlements;
				CODE_SIGN_IDENTITY = "-";
				COMBINE_HIDPI_IMAGES = YES;
				GENERATE_INFOPLIST_FILE = NO;
				INFOPLIST_FILE = App/FlowLens/Info.plist;
				LD_RUNPATH_SEARCH_PATHS = (
					"$(inherited)",
					"@executable_path/../Frameworks",
				);
				PRODUCT_BUNDLE_IDENTIFIER = com.example.FlowLens;
				PRODUCT_NAME = FlowLens;
				SDKROOT = macosx;
			};
			name = Release;
		};
		E19DE11D19B70A39BE72EA5A /* Debug */ = {
			isa = XCBuildConfiguration;
			buildSettings = {
				ALWAYS_SEARCH_USER_PATHS = NO;
				CLANG_ANALYZER_NONNULL = YES;
				CLANG_ANALYZER_NUMBER_OBJECT_CONVERSION = YES_AGGRESSIVE;
				CLANG_CXX_LANGUAGE_STANDARD = "gnu++14";
				CLANG_CXX_LIBRARY = "libc++";
				CLANG_ENABLE_MODULES = YES;
				CLANG_ENABLE_OBJC_ARC = YES;
				CLANG_ENABLE_OBJC_WEAK = YES;
				CLANG_WARN_BLOCK_CAPTURE_AUTORELEASING = YES;
				CLANG_WARN_BOOL_CONVERSION = YES;
				CLANG_WARN_COMMA = YES;
				CLANG_WARN_CONSTANT_CONVERSION = YES;
				CLANG_WARN_DEPRECATED_OBJC_IMPLEMENTATIONS = YES;
				CLANG_WARN_DIRECT_OBJC_ISA_USAGE = YES_ERROR;
				CLANG_WARN_DOCUMENTATION_COMMENTS = YES;
				CLANG_WARN_EMPTY_BODY = YES;
				CLANG_WARN_ENUM_CONVERSION = YES;
				CLANG_WARN_INFINITE_RECURSION = YES;
				CLANG_WARN_INT_CONVERSION = YES;
				CLANG_WARN_NON_LITERAL_NULL_CONVERSION = YES;
				CLANG_WARN_OBJC_IMPLICIT_RETAIN_SELF = YES;
				CLANG_WARN_OBJC_LITERAL_CONVERSION = YES;
				CLANG_WARN_OBJC_ROOT_CLASS = YES_ERROR;
				CLANG_WARN_QUOTED_INCLUDE_IN_FRAMEWORK_HEADER = YES;
				CLANG_WARN_RANGE_LOOP_ANALYSIS = YES;
				CLANG_WARN_STRICT_PROTOTYPES = YES;
				CLANG_WARN_SUSPICIOUS_MOVE = YES;
				CLANG_WARN_UNGUARDED_AVAILABILITY = YES_AGGRESSIVE;
				CLANG_WARN_UNREACHABLE_CODE = YES;
				CLANG_WARN__DUPLICATE_METHOD_MATCH = YES;
				CODE_SIGN_STYLE = Automatic;
				COPY_PHASE_STRIP = NO;
				DEAD_CODE_STRIPPING = YES;
				DEBUG_INFORMATION_FORMAT = dwarf;
				DEVELOPMENT_TEAM = "";
				ENABLE_HARDENED_RUNTIME = YES;
				ENABLE_STRICT_OBJC_MSGSEND = YES;
				ENABLE_TESTABILITY = YES;
				GCC_C_LANGUAGE_STANDARD = gnu11;
				GCC_DYNAMIC_NO_PIC = NO;
				GCC_NO_COMMON_BLOCKS = YES;
				GCC_OPTIMIZATION_LEVEL = 0;
				GCC_PREPROCESSOR_DEFINITIONS = (
					"$(inherited)",
					"DEBUG=1",
				);
				GCC_WARN_64_TO_32_BIT_CONVERSION = YES;
				GCC_WARN_ABOUT_RETURN_TYPE = YES_ERROR;
				GCC_WARN_UNDECLARED_SELECTOR = YES;
				GCC_WARN_UNINITIALIZED_AUTOS = YES_AGGRESSIVE;
				GCC_WARN_UNUSED_FUNCTION = YES;
				GCC_WARN_UNUSED_VARIABLE = YES;
				MACOSX_DEPLOYMENT_TARGET = 13.0;
				MTL_ENABLE_DEBUG_INFO = INCLUDE_SOURCE;
				MTL_FAST_MATH = YES;
				ONLY_ACTIVE_ARCH = YES;
				PRODUCT_NAME = "$(TARGET_NAME)";
				SDKROOT = macosx;
				SWIFT_ACTIVE_COMPILATION_CONDITIONS = DEBUG;
				SWIFT_OPTIMIZATION_LEVEL = "-Onone";
				SWIFT_STRICT_CONCURRENCY = targeted;
				SWIFT_VERSION = 5.9;
			};
			name = Debug;
		};
		FE546BB28A7800C5E47693CE /* Debug */ = {
			isa = XCBuildConfiguration;
			buildSettings = {
				CODE_SIGNING_ALLOWED = YES;
				CODE_SIGNING_REQUIRED = NO;
				CODE_SIGN_ENTITLEMENTS = NetworkExtension/FlowLensNetworkExtension.entitlements;
				CODE_SIGN_IDENTITY = "-";
				COMBINE_HIDPI_IMAGES = YES;
				GENERATE_INFOPLIST_FILE = NO;
				INFOPLIST_FILE = NetworkExtension/Info.plist;
				LD_RUNPATH_SEARCH_PATHS = (
					"$(inherited)",
					"@executable_path/../Frameworks",
				);
				PRODUCT_BUNDLE_IDENTIFIER = com.example.FlowLens.NetworkExtension;
				PRODUCT_NAME = FlowLensNetworkExtension;
				SDKROOT = macosx;
				SKIP_INSTALL = YES;
			};
			name = Debug;
		};
/* End XCBuildConfiguration section */

/* Begin XCConfigurationList section */
		06FE576DB3E8FDC4A8516C83 /* Build configuration list for PBXProject "FlowLens" */ = {
			isa = XCConfigurationList;
			buildConfigurations = (
				E19DE11D19B70A39BE72EA5A /* Debug */,
				12A376EC94FA4F347650F1C0 /* Release */,
			);
			defaultConfigurationIsVisible = 0;
			defaultConfigurationName = Debug;
		};
		125D6588F69B1D5B195B9001 /* Build configuration list for PBXNativeTarget "FlowLensNetworkExtension" */ = {
			isa = XCConfigurationList;
			buildConfigurations = (
				FE546BB28A7800C5E47693CE /* Debug */,
				80041CA2CDC3D5FB0AF6CD0F /* Release */,
			);
			defaultConfigurationIsVisible = 0;
			defaultConfigurationName = Debug;
		};
		B4A688130BD2FFA6829A7A44 /* Build configuration list for PBXNativeTarget "FlowLens" */ = {
			isa = XCConfigurationList;
			buildConfigurations = (
				B0E44A8ACF490C557AB915DF /* Debug */,
				D44F6AC105A07251EF70BD34 /* Release */,
			);
			defaultConfigurationIsVisible = 0;
			defaultConfigurationName = Debug;
		};
/* End XCConfigurationList section */

/* Begin XCLocalSwiftPackageReference section */
		811E2D16CF906DC4ABDCA9A5 /* XCLocalSwiftPackageReference "." */ = {
			isa = XCLocalSwiftPackageReference;
			relativePath = .;
		};
/* End XCLocalSwiftPackageReference section */

/* Begin XCSwiftPackageProductDependency section */
		1B5F30B78B10F4A18DFC37FC /* FlowLensCore */ = {
			isa = XCSwiftPackageProductDependency;
			productName = FlowLensCore;
		};
		3950D2079B33FD9777E7A274 /* FlowLensProxyCore */ = {
			isa = XCSwiftPackageProductDependency;
			productName = FlowLensProxyCore;
		};
		518475C2B7F7D4C38A48DA37 /* FlowLensRuleEngine */ = {
			isa = XCSwiftPackageProductDependency;
			productName = FlowLensRuleEngine;
		};
		526C7F19DCCB3F606ED5AF7D /* FlowLensProxyCore */ = {
			isa = XCSwiftPackageProductDependency;
			productName = FlowLensProxyCore;
		};
		575EDFE43833998EFA352E16 /* FlowLensIPC */ = {
			isa = XCSwiftPackageProductDependency;
			productName = FlowLensIPC;
		};
		69DE85117CE127FD1A960784 /* FlowLensIPC */ = {
			isa = XCSwiftPackageProductDependency;
			productName = FlowLensIPC;
		};
		7D22E5E3FA1436E371528785 /* FlowLensStorage */ = {
			isa = XCSwiftPackageProductDependency;
			productName = FlowLensStorage;
		};
		A7866B2262AA4BBE331F364F /* FlowLensRuleEngine */ = {
			isa = XCSwiftPackageProductDependency;
			productName = FlowLensRuleEngine;
		};
		AF98B32926FF219C6F45B985 /* FlowLensCore */ = {
			isa = XCSwiftPackageProductDependency;
			productName = FlowLensCore;
		};
/* End XCSwiftPackageProductDependency section */
	};
	rootObject = 0F1B2E19D17C4E0BC6DDDF54 /* Project object */;
}
